# THIS IS AN AUTOGENERATED FILE. DO NOT EDIT THIS FILE DIRECTLY.
# yarn lockfile v1


"@adraffy/ens-normalize@^1.11.0":
  version "1.11.1"
  resolved "https://registry.yarnpkg.com/@adraffy/ens-normalize/-/ens-normalize-1.11.1.tgz#6c2d657d4b2dfb37f8ea811dcb3e60843d4ac24a"
  integrity sha512-nhCBV3quEgesuf7c7KYfperqSS14T8bYuvJ8PcLJp6znkZpFc0AuW4qBtr8eKVyPPe/8RSr7sglCWPU5eaxwKQ==

"@esbuild/aix-ppc64@0.24.2":
  version "0.24.2"
  resolved "https://registry.yarnpkg.com/@esbuild/aix-ppc64/-/aix-ppc64-0.24.2.tgz#38848d3e25afe842a7943643cbcd387cc6e13461"
  integrity sha512-thpVCb/rhxE/BnMLQ7GReQLLN8q9qbHmI55F4489/ByVg2aQaQ6kbcLb6FHkocZzQhxc4gx0sCk0tJkKBFzDhA==

"@esbuild/android-arm64@0.24.2":
  version "0.24.2"
  resolved "https://registry.yarnpkg.com/@esbuild/android-arm64/-/android-arm64-0.24.2.tgz#f592957ae8b5643129fa889c79e69cd8669bb894"
  integrity sha512-cNLgeqCqV8WxfcTIOeL4OAtSmL8JjcN6m09XIgro1Wi7cF4t/THaWEa7eL5CMoMBdjoHOTh/vwTO/o2TRXIyzg==

"@esbuild/android-arm@0.24.2":
  version "0.24.2"
  resolved "https://registry.yarnpkg.com/@esbuild/android-arm/-/android-arm-0.24.2.tgz#72d8a2063aa630308af486a7e5cbcd1e134335b3"
  integrity sha512-tmwl4hJkCfNHwFB3nBa8z1Uy3ypZpxqxfTQOcHX+xRByyYgunVbZ9MzUUfb0RxaHIMnbHagwAxuTL+tnNM+1/Q==

"@esbuild/android-x64@0.24.2":
  version "0.24.2"
  resolved "https://registry.yarnpkg.com/@esbuild/android-x64/-/android-x64-0.24.2.tgz#9a7713504d5f04792f33be9c197a882b2d88febb"
  integrity sha512-B6Q0YQDqMx9D7rvIcsXfmJfvUYLoP722bgfBlO5cGvNVb5V/+Y7nhBE3mHV9OpxBf4eAS2S68KZztiPaWq4XYw==

"@esbuild/darwin-arm64@0.24.2":
  version "0.24.2"
  resolved "https://registry.yarnpkg.com/@esbuild/darwin-arm64/-/darwin-arm64-0.24.2.tgz#02ae04ad8ebffd6e2ea096181b3366816b2b5936"
  integrity sha512-kj3AnYWc+CekmZnS5IPu9D+HWtUI49hbnyqk0FLEJDbzCIQt7hg7ucF1SQAilhtYpIujfaHr6O0UHlzzSPdOeA==

"@esbuild/darwin-x64@0.24.2":
  version "0.24.2"
  resolved "https://registry.yarnpkg.com/@esbuild/darwin-x64/-/darwin-x64-0.24.2.tgz#9ec312bc29c60e1b6cecadc82bd504d8adaa19e9"
  integrity sha512-WeSrmwwHaPkNR5H3yYfowhZcbriGqooyu3zI/3GGpF8AyUdsrrP0X6KumITGA9WOyiJavnGZUwPGvxvwfWPHIA==

"@esbuild/freebsd-arm64@0.24.2":
  version "0.24.2"
  resolved "https://registry.yarnpkg.com/@esbuild/freebsd-arm64/-/freebsd-arm64-0.24.2.tgz#5e82f44cb4906d6aebf24497d6a068cfc152fa00"
  integrity sha512-UN8HXjtJ0k/Mj6a9+5u6+2eZ2ERD7Edt1Q9IZiB5UZAIdPnVKDoG7mdTVGhHJIeEml60JteamR3qhsr1r8gXvg==

"@esbuild/freebsd-x64@0.24.2":
  version "0.24.2"
  resolved "https://registry.yarnpkg.com/@esbuild/freebsd-x64/-/freebsd-x64-0.24.2.tgz#3fb1ce92f276168b75074b4e51aa0d8141ecce7f"
  integrity sha512-TvW7wE/89PYW+IevEJXZ5sF6gJRDY/14hyIGFXdIucxCsbRmLUcjseQu1SyTko+2idmCw94TgyaEZi9HUSOe3Q==

"@esbuild/linux-arm64@0.24.2":
  version "0.24.2"
  resolved "https://registry.yarnpkg.com/@esbuild/linux-arm64/-/linux-arm64-0.24.2.tgz#856b632d79eb80aec0864381efd29de8fd0b1f43"
  integrity sha512-7HnAD6074BW43YvvUmE/35Id9/NB7BeX5EoNkK9obndmZBUk8xmJJeU7DwmUeN7tkysslb2eSl6CTrYz6oEMQg==

"@esbuild/linux-arm@0.24.2":
  version "0.24.2"
  resolved "https://registry.yarnpkg.com/@esbuild/linux-arm/-/linux-arm-0.24.2.tgz#c846b4694dc5a75d1444f52257ccc5659021b736"
  integrity sha512-n0WRM/gWIdU29J57hJyUdIsk0WarGd6To0s+Y+LwvlC55wt+GT/OgkwoXCXvIue1i1sSNWblHEig00GBWiJgfA==

"@esbuild/linux-ia32@0.24.2":
  version "0.24.2"
  resolved "https://registry.yarnpkg.com/@esbuild/linux-ia32/-/linux-ia32-0.24.2.tgz#f8a16615a78826ccbb6566fab9a9606cfd4a37d5"
  integrity sha512-sfv0tGPQhcZOgTKO3oBE9xpHuUqguHvSo4jl+wjnKwFpapx+vUDcawbwPNuBIAYdRAvIDBfZVvXprIj3HA+Ugw==

"@esbuild/linux-loong64@0.24.2":
  version "0.24.2"
  resolved "https://registry.yarnpkg.com/@esbuild/linux-loong64/-/linux-loong64-0.24.2.tgz#1c451538c765bf14913512c76ed8a351e18b09fc"
  integrity sha512-CN9AZr8kEndGooS35ntToZLTQLHEjtVB5n7dl8ZcTZMonJ7CCfStrYhrzF97eAecqVbVJ7APOEe18RPI4KLhwQ==

"@esbuild/linux-mips64el@0.24.2":
  version "0.24.2"
  resolved "https://registry.yarnpkg.com/@esbuild/linux-mips64el/-/linux-mips64el-0.24.2.tgz#0846edeefbc3d8d50645c51869cc64401d9239cb"
  integrity sha512-iMkk7qr/wl3exJATwkISxI7kTcmHKE+BlymIAbHO8xanq/TjHaaVThFF6ipWzPHryoFsesNQJPE/3wFJw4+huw==

"@esbuild/linux-ppc64@0.24.2":
  version "0.24.2"
  resolved "https://registry.yarnpkg.com/@esbuild/linux-ppc64/-/linux-ppc64-0.24.2.tgz#8e3fc54505671d193337a36dfd4c1a23b8a41412"
  integrity sha512-shsVrgCZ57Vr2L8mm39kO5PPIb+843FStGt7sGGoqiiWYconSxwTiuswC1VJZLCjNiMLAMh34jg4VSEQb+iEbw==

"@esbuild/linux-riscv64@0.24.2":
  version "0.24.2"
  resolved "https://registry.yarnpkg.com/@esbuild/linux-riscv64/-/linux-riscv64-0.24.2.tgz#6a1e92096d5e68f7bb10a0d64bb5b6d1daf9a694"
  integrity sha512-4eSFWnU9Hhd68fW16GD0TINewo1L6dRrB+oLNNbYyMUAeOD2yCK5KXGK1GH4qD/kT+bTEXjsyTCiJGHPZ3eM9Q==

"@esbuild/linux-s390x@0.24.2":
  version "0.24.2"
  resolved "https://registry.yarnpkg.com/@esbuild/linux-s390x/-/linux-s390x-0.24.2.tgz#ab18e56e66f7a3c49cb97d337cd0a6fea28a8577"
  integrity sha512-S0Bh0A53b0YHL2XEXC20bHLuGMOhFDO6GN4b3YjRLK//Ep3ql3erpNcPlEFed93hsQAjAQDNsvcK+hV90FubSw==

"@esbuild/linux-x64@0.24.2":
  version "0.24.2"
  resolved "https://registry.yarnpkg.com/@esbuild/linux-x64/-/linux-x64-0.24.2.tgz#8140c9b40da634d380b0b29c837a0b4267aff38f"
  integrity sha512-8Qi4nQcCTbLnK9WoMjdC9NiTG6/E38RNICU6sUNqK0QFxCYgoARqVqxdFmWkdonVsvGqWhmm7MO0jyTqLqwj0Q==

"@esbuild/netbsd-arm64@0.24.2":
  version "0.24.2"
  resolved "https://registry.yarnpkg.com/@esbuild/netbsd-arm64/-/netbsd-arm64-0.24.2.tgz#65f19161432bafb3981f5f20a7ff45abb2e708e6"
  integrity sha512-wuLK/VztRRpMt9zyHSazyCVdCXlpHkKm34WUyinD2lzK07FAHTq0KQvZZlXikNWkDGoT6x3TD51jKQ7gMVpopw==

"@esbuild/netbsd-x64@0.24.2":
  version "0.24.2"
  resolved "https://registry.yarnpkg.com/@esbuild/netbsd-x64/-/netbsd-x64-0.24.2.tgz#7a3a97d77abfd11765a72f1c6f9b18f5396bcc40"
  integrity sha512-VefFaQUc4FMmJuAxmIHgUmfNiLXY438XrL4GDNV1Y1H/RW3qow68xTwjZKfj/+Plp9NANmzbH5R40Meudu8mmw==

"@esbuild/openbsd-arm64@0.24.2":
  version "0.24.2"
  resolved "https://registry.yarnpkg.com/@esbuild/openbsd-arm64/-/openbsd-arm64-0.24.2.tgz#58b00238dd8f123bfff68d3acc53a6ee369af89f"
  integrity sha512-YQbi46SBct6iKnszhSvdluqDmxCJA+Pu280Av9WICNwQmMxV7nLRHZfjQzwbPs3jeWnuAhE9Jy0NrnJ12Oz+0A==

"@esbuild/openbsd-x64@0.24.2":
  version "0.24.2"
  resolved "https://registry.yarnpkg.com/@esbuild/openbsd-x64/-/openbsd-x64-0.24.2.tgz#0ac843fda0feb85a93e288842936c21a00a8a205"
  integrity sha512-+iDS6zpNM6EnJyWv0bMGLWSWeXGN/HTaF/LXHXHwejGsVi+ooqDfMCCTerNFxEkM3wYVcExkeGXNqshc9iMaOA==

"@esbuild/sunos-x64@0.24.2":
  version "0.24.2"
  resolved "https://registry.yarnpkg.com/@esbuild/sunos-x64/-/sunos-x64-0.24.2.tgz#8b7aa895e07828d36c422a4404cc2ecf27fb15c6"
  integrity sha512-hTdsW27jcktEvpwNHJU4ZwWFGkz2zRJUz8pvddmXPtXDzVKTTINmlmga3ZzwcuMpUvLw7JkLy9QLKyGpD2Yxig==

"@esbuild/win32-arm64@0.24.2":
  version "0.24.2"
  resolved "https://registry.yarnpkg.com/@esbuild/win32-arm64/-/win32-arm64-0.24.2.tgz#c023afb647cabf0c3ed13f0eddfc4f1d61c66a85"
  integrity sha512-LihEQ2BBKVFLOC9ZItT9iFprsE9tqjDjnbulhHoFxYQtQfai7qfluVODIYxt1PgdoyQkz23+01rzwNwYfutxUQ==

"@esbuild/win32-ia32@0.24.2":
  version "0.24.2"
  resolved "https://registry.yarnpkg.com/@esbuild/win32-ia32/-/win32-ia32-0.24.2.tgz#96c356132d2dda990098c8b8b951209c3cd743c2"
  integrity sha512-q+iGUwfs8tncmFC9pcnD5IvRHAzmbwQ3GPS5/ceCyHdjXubwQWI12MKWSNSMYLJMq23/IUCvJMS76PDqXe1fxA==

"@esbuild/win32-x64@0.24.2":
  version "0.24.2"
  resolved "https://registry.yarnpkg.com/@esbuild/win32-x64/-/win32-x64-0.24.2.tgz#34aa0b52d0fbb1a654b596acfa595f0c7b77a77b"
  integrity sha512-7VTgWzgMGvup6aSqDPLiW5zHaxYJGTO4OokMjIlrCtf+VpEL+cXKtCvg723iguPYI5oaUNdS+/V7OU2gvXVWEg==

"@graphql-typed-document-node/core@^3.2.0":
  version "3.2.0"
  resolved "https://registry.yarnpkg.com/@graphql-typed-document-node/core/-/core-3.2.0.tgz#5f3d96ec6b2354ad6d8a28bf216a1d97b5426861"
  integrity sha512-mB9oAsNCm9aM3/SOv4YtBMqZbYj10R7dkq8byBqxGY/ncFwhf2oQzMV+LCRlWoDSEBJ3COiR1yeDvMtsoOsuFQ==

"@noble/ciphers@^1.3.0":
  version "1.3.0"
  resolved "https://registry.yarnpkg.com/@noble/ciphers/-/ciphers-1.3.0.tgz#f64b8ff886c240e644e5573c097f86e5b43676dc"
  integrity sha512-2I0gnIVPtfnMw9ee9h1dJG7tp81+8Ob3OJb3Mv37rx5L40/b0i7djjCVvGOVqc9AEIQyvyu1i6ypKdFw8R8gQw==

"@noble/curves@1.9.1":
  version "1.9.1"
  resolved "https://registry.yarnpkg.com/@noble/curves/-/curves-1.9.1.tgz#9654a0bc6c13420ae252ddcf975eaf0f58f0a35c"
  integrity sha512-k11yZxZg+t+gWvBbIswW0yoJlu8cHOC7dhunwOzoWH/mXGBiYyR4YY6hAEK/3EUs4UpB8la1RfdRpeGsFHkWsA==
  dependencies:
    "@noble/hashes" "1.8.0"

"@noble/curves@~1.9.0":
  version "1.9.7"
  resolved "https://registry.yarnpkg.com/@noble/curves/-/curves-1.9.7.tgz#79d04b4758a43e4bca2cbdc62e7771352fa6b951"
  integrity sha512-gbKGcRUYIjA3/zCCNaWDciTMFI0dCkvou3TL8Zmy5Nc7sJ47a0jtOeZoTaMxkuqRo9cRhjOdZJXegxYE5FN/xw==
  dependencies:
    "@noble/hashes" "1.8.0"

"@noble/hashes@1.8.0", "@noble/hashes@^1.8.0", "@noble/hashes@~1.8.0":
  version "1.8.0"
  resolved "https://registry.yarnpkg.com/@noble/hashes/-/hashes-1.8.0.tgz#cee43d801fcef9644b11b8194857695acd5f815a"
  integrity sha512-jCs9ldd7NwzpgXDIf6P3+NrHh9/sD6CQdxHyjQI+h/6rDNo88ypBxxz45UDuZHz9r3tNz7N/VInSVoVdtXEI4A==

"@scure/base@~1.2.5":
  version "1.2.6"
  resolved "https://registry.yarnpkg.com/@scure/base/-/base-1.2.6.tgz#ca917184b8231394dd8847509c67a0be522e59f6"
  integrity sha512-g/nm5FgUa//MCj1gV09zTJTaM6KBAHqLN907YVQqf7zC49+DcO4B1so4ZX07Ef10Twr6nuqYEH9GEggFXA4Fmg==

"@scure/bip32@1.7.0", "@scure/bip32@^1.7.0":
  version "1.7.0"
  resolved "https://registry.yarnpkg.com/@scure/bip32/-/bip32-1.7.0.tgz#b8683bab172369f988f1589640e53c4606984219"
  integrity sha512-E4FFX/N3f4B80AKWp5dP6ow+flD1LQZo/w8UnLGYZO674jS6YnYeepycOOksv+vLPSpgN35wgKgy+ybfTb2SMw==
  dependencies:
    "@noble/curves" "~1.9.0"
    "@noble/hashes" "~1.8.0"
    "@scure/base" "~1.2.5"

"@scure/bip39@1.6.0", "@scure/bip39@^1.6.0":
  version "1.6.0"
  resolved "https://registry.yarnpkg.com/@scure/bip39/-/bip39-1.6.0.tgz#475970ace440d7be87a6086cbee77cb8f1a684f9"
  integrity sha512-+lF0BbLiJNwVlev4eKelw1WWLaiKXw7sSl8T6FvBlWkdX+94aGJ4o8XjUdlyhTCjd8c+B3KT3JfS8P0bLRNU6A==
  dependencies:
    "@noble/hashes" "~1.8.0"
    "@scure/base" "~1.2.5"

"@sinclair/typebox@^0.34.41":
  version "0.34.41"
  resolved "https://registry.yarnpkg.com/@sinclair/typebox/-/typebox-0.34.41.tgz#aa51a6c1946df2c5a11494a2cdb9318e026db16c"
  integrity sha512-6gS8pZzSXdyRHTIqoqSVknxolr1kzfy4/CeDnrzsVz8TTIWUbOBr6gnzOmTYJ3eXQNh4IYHIGi5aIL7sOZ2G/g==

abitype@1.1.0:
  version "1.1.0"
  resolved "https://registry.yarnpkg.com/abitype/-/abitype-1.1.0.tgz#510c5b3f92901877977af5e864841f443bf55406"
  integrity sha512-6Vh4HcRxNMLA0puzPjM5GBgT4aAcFGKZzSgAXvuZ27shJP6NEpielTuqbBmZILR5/xd0PizkBGy5hReKz9jl5A==

abitype@^1.0.9:
  version "1.1.1"
  resolved "https://registry.yarnpkg.com/abitype/-/abitype-1.1.1.tgz#b50ed400f8bfca5452eb4033445c309d3e1117c8"
  integrity sha512-Loe5/6tAgsBukY95eGaPSDmQHIjRZYQq8PB1MpsNccDIK8WiV+Uw6WzaIXipvaxTEL2yEB0OpEaQv3gs8pkS9Q==

ajv-formats@^3.0.1:
  version "3.0.1"
  resolved "https://registry.yarnpkg.com/ajv-formats/-/ajv-formats-3.0.1.tgz#3d5dc762bca17679c3c2ea7e90ad6b7532309578"
  integrity sha512-8iUql50EUR+uUcdRQ3HDqa6EVyo3docL8g5WJ3FNcWmu62IbkGUue/pEyLBW8VGKKucTPgqeks4fIU1DA4yowQ==
  dependencies:
    ajv "^8.0.0"

ajv@^8.0.0, ajv@^8.12.0, ajv@^8.17.1:
  version "8.17.1"
  resolved "https://registry.yarnpkg.com/ajv/-/ajv-8.17.1.tgz#37d9a5c776af6bc92d7f4f9510eba4c0a60d11a6"
  integrity sha512-B/gBuNg5SiMTrPkC+A2+cW0RszwxYmn6VYxB/inlBStS5nx6xHIt/ehKRhIMhqusl7a8LjQoZnjCs5vhwxOQ1g==
  dependencies:
    fast-deep-equal "^3.1.3"
    fast-uri "^3.0.1"
    json-schema-traverse "^1.0.0"
    require-from-string "^2.0.2"

atomic-sleep@^1.0.0:
  version "1.0.0"
  resolved "https://registry.yarnpkg.com/atomic-sleep/-/atomic-sleep-1.0.0.tgz#eb85b77a601fc932cfe432c5acd364a9e2c9075b"
  integrity sha512-kNOjDqAh7px0XWNI+4QbzoiR/nTkHAWNud2uvnJquD1/x5a7EQZMJT0AczqK0Qn67oY/TTQ1LbUKajZpp3I9tQ==

dotenv-expand@10.0.0:
  version "10.0.0"
  resolved "https://registry.yarnpkg.com/dotenv-expand/-/dotenv-expand-10.0.0.tgz#12605d00fb0af6d0a592e6558585784032e4ef37"
  integrity sha512-GopVGCpVS1UKH75VKHGuQFqS1Gusej0z4FyQkPdwjil2gNIv+LNsqBlboOzpJFZKVT95GkCyWJbBSdFEFUWI2A==

dotenv@^16.4.5:
  version "16.6.1"
  resolved "https://registry.yarnpkg.com/dotenv/-/dotenv-16.6.1.tgz#773f0e69527a8315c7285d5ee73c4459d20a8020"
  integrity sha512-uBq4egWHTcTt33a72vpSG0z3HnPuIl6NqYcTrKEg2azoEyl2hpW0zqlxysq2pK9HlDIHyHyakeYaYnSAwd8bow==

env-schema@^6.0.1:
  version "6.0.1"
  resolved "https://registry.yarnpkg.com/env-schema/-/env-schema-6.0.1.tgz#1a2d8650a898f733520384fe1ece9b92dd3e43b0"
  integrity sha512-WRD40Q25pP4NUbI3g3CNU5PPzcaiX7YYcPwiCZlfR4qGsKmTlckRixgHww0/fOXiXSNKA87pwshzq0ULTK/48A==
  dependencies:
    ajv "^8.12.0"
    dotenv "^16.4.5"
    dotenv-expand "10.0.0"

esbuild@^0.24.0:
  version "0.24.2"
  resolved "https://registry.yarnpkg.com/esbuild/-/esbuild-0.24.2.tgz#b5b55bee7de017bff5fb8a4e3e44f2ebe2c3567d"
  integrity sha512-+9egpBW8I3CD5XPe0n6BfT5fxLzxrlDzqydF3aviG+9ni1lDC/OvMHcxqEFV0+LANZG5R1bFMWfUrjVsdwxJvA==
  optionalDependencies:
    "@esbuild/aix-ppc64" "0.24.2"
    "@esbuild/android-arm" "0.24.2"
    "@esbuild/android-arm64" "0.24.2"
    "@esbuild/android-x64" "0.24.2"
    "@esbuild/darwin-arm64" "0.24.2"
    "@esbuild/darwin-x64" "0.24.2"
    "@esbuild/freebsd-arm64" "0.24.2"
    "@esbuild/freebsd-x64" "0.24.2"
    "@esbuild/linux-arm" "0.24.2"
    "@esbuild/linux-arm64" "0.24.2"
    "@esbuild/linux-ia32" "0.24.2"
    "@esbuild/linux-loong64" "0.24.2"
    "@esbuild/linux-mips64el" "0.24.2"
    "@esbuild/linux-ppc64" "0.24.2"
    "@esbuild/linux-riscv64" "0.24.2"
    "@esbuild/linux-s390x" "0.24.2"
    "@esbuild/linux-x64" "0.24.2"
    "@esbuild/netbsd-arm64" "0.24.2"
    "@esbuild/netbsd-x64" "0.24.2"
    "@esbuild/openbsd-arm64" "0.24.2"
    "@esbuild/openbsd-x64" "0.24.2"
    "@esbuild/sunos-x64" "0.24.2"
    "@esbuild/win32-arm64" "0.24.2"
    "@esbuild/win32-ia32" "0.24.2"
    "@esbuild/win32-x64" "0.24.2"

eventemitter3@5.0.1:
  version "5.0.1"
  resolved "https://registry.yarnpkg.com/eventemitter3/-/eventemitter3-5.0.1.tgz#53f5ffd0a492ac800721bb42c66b841de96423c4"
  integrity sha512-GWkBvjiSZK87ELrYOSESUYeVIc9mvLLf/nXalMOS5dYrgZq9o5OVkbZAVM06CVxYsCwH9BDZFPlQTlPA1j4ahA==

fast-deep-equal@^3.1.3:
  version "3.1.3"
  resolved "https://registry.yarnpkg.com/fast-deep-equal/-/fast-deep-equal-3.1.3.tgz#3a7d56b559d6cbc3eb512325244e619a65c6c525"
  integrity sha512-f3qQ9oQy9j2AhBe/H9VC91wLmKBCCU/gDOnKNAYG5hswO7BLKj09Hc5HYNz9cGI++xlpDCIgDaitVs03ATR84Q==

fast-redact@^3.1.1:
  version "3.5.0"
  resolved "https://registry.yarnpkg.com/fast-redact/-/fast-redact-3.5.0.tgz#e9ea02f7e57d0cd8438180083e93077e496285e4"
  integrity sha512-dwsoQlS7h9hMeYUq1W++23NDcBLV4KqONnITDV9DjfS3q1SgDGVrBdvvTLUotWtPSD7asWDV9/CmsZPy8Hf70A==

fast-uri@^3.0.1:
  version "3.1.0"
  resolved "https://registry.yarnpkg.com/fast-uri/-/fast-uri-3.1.0.tgz#66eecff6c764c0df9b762e62ca7edcfb53b4edfa"
  integrity sha512-iPeeDKJSWf4IEOasVVrknXpaBV0IApz/gp7S2bb7Z4Lljbl2MGJRqInZiUrQwV16cpzw/D3S5j5Julj/gT52AA==

graphql-request@^7.2.0:
  version "7.2.0"
  resolved "https://registry.yarnpkg.com/graphql-request/-/graphql-request-7.2.0.tgz#af4aa25f27a087dd4fc93a4ff54a0f59c4487269"
  integrity sha512-0GR7eQHBFYz372u9lxS16cOtEekFlZYB2qOyq8wDvzRmdRSJ0mgUVX1tzNcIzk3G+4NY+mGtSz411wZdeDF/+A==
  dependencies:
    "@graphql-typed-document-node/core" "^3.2.0"

graphql@^16.11.0:
  version "16.11.0"
  resolved "https://registry.yarnpkg.com/graphql/-/graphql-16.11.0.tgz#96d17f66370678027fdf59b2d4c20b4efaa8a633"
  integrity sha512-mS1lbMsxgQj6hge1XZ6p7GPhbrtFwUFYi3wRzXAC/FmYnyXMTvvI3td3rjmQ2u8ewXueaSvRPWaEcgVVOT9Jnw==

isows@1.0.7:
  version "1.0.7"
  resolved "https://registry.yarnpkg.com/isows/-/isows-1.0.7.tgz#1c06400b7eed216fbba3bcbd68f12490fc342915"
  integrity sha512-I1fSfDCZL5P0v33sVqeTDSpcstAg/N+wF5HS033mogOVIp4B+oHC7oOCsA3axAbBSGTJ8QubbNmnIRN/h8U7hg==

json-schema-traverse@^1.0.0:
  version "1.0.0"
  resolved "https://registry.yarnpkg.com/json-schema-traverse/-/json-schema-traverse-1.0.0.tgz#ae7bcb3656ab77a73ba5c49bf654f38e6b6860e2"
  integrity sha512-NM8/P9n3XjXhIZn1lLhkFaACTOURQXjWhV4BA/RnOv8xvgqtqpAX9IO4mRQxSx1Rlo4tqzeqb0sOlruaOy3dug==

on-exit-leak-free@^2.1.0:
  version "2.1.2"
  resolved "https://registry.yarnpkg.com/on-exit-leak-free/-/on-exit-leak-free-2.1.2.tgz#fed195c9ebddb7d9e4c3842f93f281ac8dadd3b8"
  integrity sha512-0eJJY6hXLGf1udHwfNftBqH+g73EU4B504nZeKpz1sYRKafAghwxEJunB2O7rDZkL4PGfsMVnTXZ2EjibbqcsA==

ox@0.9.6:
  version "0.9.6"
  resolved "https://registry.yarnpkg.com/ox/-/ox-0.9.6.tgz#5cf02523b6db364c10ee7f293ff1e664e0e1eab7"
  integrity sha512-8SuCbHPvv2eZLYXrNmC0EC12rdzXQLdhnOMlHDW2wiCPLxBrOOJwX5L5E61by+UjTPOryqQiRSnjIKCI+GykKg==
  dependencies:
    "@adraffy/ens-normalize" "^1.11.0"
    "@noble/ciphers" "^1.3.0"
    "@noble/curves" "1.9.1"
    "@noble/hashes" "^1.8.0"
    "@scure/bip32" "^1.7.0"
    "@scure/bip39" "^1.6.0"
    abitype "^1.0.9"
    eventemitter3 "5.0.1"

pino-abstract-transport@^2.0.0:
  version "2.0.0"
  resolved "https://registry.yarnpkg.com/pino-abstract-transport/-/pino-abstract-transport-2.0.0.tgz#de241578406ac7b8a33ce0d77ae6e8a0b3b68a60"
  integrity sha512-F63x5tizV6WCh4R6RHyi2Ml+M70DNRXt/+HANowMflpgGFMAym/VKm6G7ZOQRjqN7XbGxK1Lg9t6ZrtzOaivMw==
  dependencies:
    split2 "^4.0.0"

pino-std-serializers@^7.0.0:
  version "7.0.0"
  resolved "https://registry.yarnpkg.com/pino-std-serializers/-/pino-std-serializers-7.0.0.tgz#7c625038b13718dbbd84ab446bd673dc52259e3b"
  integrity sha512-e906FRY0+tV27iq4juKzSYPbUj2do2X2JX4EzSca1631EB2QJQUqGbDuERal7LCtOpxl6x3+nvo9NPZcmjkiFA==

pino@^9.11.0:
  version "9.11.0"
  resolved "https://registry.yarnpkg.com/pino/-/pino-9.11.0.tgz#7fc383f815cf6bf5979b4d791eafd2f2496c42a6"
  integrity sha512-+YIodBB9sxcWeR8PrXC2K3gEDyfkUuVEITOcbqrfcj+z5QW4ioIcqZfYFbrLTYLsmAwunbS7nfU/dpBB6PZc1g==
  dependencies:
    atomic-sleep "^1.0.0"
    fast-redact "^3.1.1"
    on-exit-leak-free "^2.1.0"
    pino-abstract-transport "^2.0.0"
    pino-std-serializers "^7.0.0"
    process-warning "^5.0.0"
    quick-format-unescaped "^4.0.3"
    real-require "^0.2.0"
    safe-stable-stringify "^2.3.1"
    sonic-boom "^4.0.1"
    thread-stream "^3.0.0"

process-warning@^5.0.0:
  version "5.0.0"
  resolved "https://registry.yarnpkg.com/process-warning/-/process-warning-5.0.0.tgz#566e0bf79d1dff30a72d8bbbe9e8ecefe8d378d7"
  integrity sha512-a39t9ApHNx2L4+HBnQKqxxHNs1r7KF+Intd8Q/g1bUh6q0WIp9voPXJ/x0j+ZL45KF1pJd9+q2jLIRMfvEshkA==

quick-format-unescaped@^4.0.3:
  version "4.0.4"
  resolved "https://registry.yarnpkg.com/quick-format-unescaped/-/quick-format-unescaped-4.0.4.tgz#93ef6dd8d3453cbc7970dd614fad4c5954d6b5a7"
  integrity sha512-tYC1Q1hgyRuHgloV/YXs2w15unPVh8qfu/qCTfhTYamaw7fyhumKa2yGpdSo87vY32rIclj+4fWYQXUMs9EHvg==

real-require@^0.2.0:
  version "0.2.0"
  resolved "https://registry.yarnpkg.com/real-require/-/real-require-0.2.0.tgz#209632dea1810be2ae063a6ac084fee7e33fba78"
  integrity sha512-57frrGM/OCTLqLOAh0mhVA9VBMHd+9U7Zb2THMGdBUoZVOtGbJzjxsYGDJ3A9AYYCP4hn6y1TVbaOfzWtm5GFg==

require-from-string@^2.0.2:
  version "2.0.2"
  resolved "https://registry.yarnpkg.com/require-from-string/-/require-from-string-2.0.2.tgz#89a7fdd938261267318eafe14f9c32e598c36909"
  integrity sha512-Xf0nWe6RseziFMu+Ap9biiUbmplq6S9/p+7w7YXP/JBHhrUDDUhwa+vANyubuqfZWTveU//DYVGsDG7RKL/vEw==

safe-stable-stringify@^2.3.1:
  version "2.5.0"
  resolved "https://registry.yarnpkg.com/safe-stable-stringify/-/safe-stable-stringify-2.5.0.tgz#4ca2f8e385f2831c432a719b108a3bf7af42a1dd"
  integrity sha512-b3rppTKm9T+PsVCBEOUR46GWI7fdOs00VKZ1+9c1EWDaDMvjQc6tUwuFyIprgGgTcWoVHSKrU8H31ZHA2e0RHA==

sonic-boom@^4.0.1:
  version "4.2.0"
  resolved "https://registry.yarnpkg.com/sonic-boom/-/sonic-boom-4.2.0.tgz#e59a525f831210fa4ef1896428338641ac1c124d"
  integrity sha512-INb7TM37/mAcsGmc9hyyI6+QR3rR1zVRu36B0NeGXKnOOLiZOfER5SA+N7X7k3yUYRzLWafduTDvJAfDswwEww==
  dependencies:
    atomic-sleep "^1.0.0"

split2@^4.0.0:
  version "4.2.0"
  resolved "https://registry.yarnpkg.com/split2/-/split2-4.2.0.tgz#c9c5920904d148bab0b9f67145f245a86aadbfa4"
  integrity sha512-UcjcJOWknrNkF6PLX83qcHM6KHgVKNkV62Y8a5uYDVv9ydGQVwAHMKqHdJje1VTWpljG0WYpCDhrCdAOYH4TWg==

thread-stream@^3.0.0:
  version "3.1.0"
  resolved "https://registry.yarnpkg.com/thread-stream/-/thread-stream-3.1.0.tgz#4b2ef252a7c215064507d4ef70c05a5e2d34c4f1"
  integrity sha512-OqyPZ9u96VohAyMfJykzmivOrY2wfMSf3C5TtFJVgN+Hm6aj+voFhlK+kZEIv2FBh1X6Xp3DlnCOfEQ3B2J86A==
  dependencies:
    real-require "^0.2.0"

viem@^2.37.8:
  version "2.37.8"
  resolved "https://registry.yarnpkg.com/viem/-/viem-2.37.8.tgz#5290a041c9bfbf9ea92e6348d65bb05e928c2ee0"
  integrity sha512-mL+5yvCQbRIR6QvngDQMfEiZTfNWfd+/QL5yFaOoYbpH3b1Q2ddwF7YG2eI2AcYSh9LE1gtUkbzZLFUAVyj4oQ==
  dependencies:
    "@noble/curves" "1.9.1"
    "@noble/hashes" "1.8.0"
    "@scure/bip32" "1.7.0"
    "@scure/bip39" "1.6.0"
    abitype "1.1.0"
    isows "1.0.7"
    ox "0.9.6"
    ws "8.18.3"

ws@8.18.3:
  version "8.18.3"
  resolved "https://registry.yarnpkg.com/ws/-/ws-8.18.3.tgz#b56b88abffde62791c639170400c93dcb0c95472"
  integrity sha512-PEIGCY5tSlUt50cqyMXfCzX+oOPqN0vuGqWzbcJ2xvnkzkq46oOpz7dQaTDBdfICb4N14+GARUDw2XV2N4tvzg==
